
Microsoft Visual Studio Solution File, Format Version 12.00
# Visual Studio Version 17
VisualStudioVersion = 17.12.35514.174 d17.12
MinimumVisualStudioVersion = 10.0.40219.1
Project("{FAE04EC0-301F-11D3-BF4B-00C04F79EFBC}") = "psyBrowser", "psyBrowser.csproj", "{7191E5F2-792B-46DE-A1B2-B6FE2BE26F91}"
EndProject
Global
	GlobalSection(SolutionConfigurationPlatforms) = preSolution
		Debug|Any CPU = Debug|Any CPU
		Release|Any CPU = Release|Any CPU
	EndGlobalSection
	GlobalSection(ProjectConfigurationPlatforms) = postSolution
		{7191E5F2-792B-46DE-A1B2-B6FE2BE26F91}.Debug|Any CPU.ActiveCfg = Debug|Any CPU
		{7191E5F2-792B-46DE-A1B2-B6FE2BE26F91}.Debug|Any CPU.Build.0 = Debug|Any CPU
		{7191E5F2-792B-46DE-A1B2-B6FE2BE26F91}.Release|Any CPU.ActiveCfg = Release|Any CPU
		{7191E5F2-792B-46DE-A1B2-B6FE2BE26F91}.Release|Any CPU.Build.0 = Release|Any CPU
	EndGlobalSection
	GlobalSection(SolutionProperties) = preSolution
		HideSolutionNode = FALSE
	EndGlobalSection
EndGlobal
